// !$*UTF8*$!
{
	archiveVersion = 1;
	classes = {
	};
	objectVersion = 50;
	objects = {

/* Begin PBXBuildFile section */
		0C5109D8220B05F300AB3781 /* icons8-shopping-cart-30.png in Resources */ = {isa = PBXBuildFile; fileRef = 0C5109D3220B05F100AB3781 /* icons8-shopping-cart-30.png */; };
		0C5109D9220B05F300AB3781 /* icons8-chat-filled-30.png in Resources */ = {isa = PBXBuildFile; fileRef = 0C5109D4220B05F200AB3781 /* icons8-chat-filled-30.png */; };
		0C5109DA220B05F300AB3781 /* icons8-blog-filled-30.png in Resources */ = {isa = PBXBuildFile; fileRef = 0C5109D5220B05F200AB3781 /* icons8-blog-filled-30.png */; };
		0C5109DB220B05F300AB3781 /* icons8-hostel-filled-30.png in Resources */ = {isa = PBXBuildFile; fileRef = 0C5109D6220B05F200AB3781 /* icons8-hostel-filled-30.png */; };
		0C5109E4220BAA0A00AB3781 /* ViewController_Chat.swift in Sources */ = {isa = PBXBuildFile; fileRef = 0C5109E3220BAA0A00AB3781 /* ViewController_Chat.swift */; };
		123AC5A22209FD9B003D51F7 /* AppDelegate.swift in Sources */ = {isa = PBXBuildFile; fileRef = 123AC5A12209FD9B003D51F7 /* AppDelegate.swift */; };
		123AC5A42209FD9B003D51F7 /* RootViewController.swift in Sources */ = {isa = PBXBuildFile; fileRef = 123AC5A32209FD9B003D51F7 /* RootViewController.swift */; };
		123AC5A62209FD9B003D51F7 /* DataViewController.swift in Sources */ = {isa = PBXBuildFile; fileRef = 123AC5A52209FD9B003D51F7 /* DataViewController.swift */; };
		123AC5A82209FD9B003D51F7 /* ModelController.swift in Sources */ = {isa = PBXBuildFile; fileRef = 123AC5A72209FD9B003D51F7 /* ModelController.swift */; };
		123AC5AB2209FD9B003D51F7 /* Main.storyboard in Resources */ = {isa = PBXBuildFile; fileRef = 123AC5A92209FD9B003D51F7 /* Main.storyboard */; };
		123AC5AD2209FD9C003D51F7 /* Assets.xcassets in Resources */ = {isa = PBXBuildFile; fileRef = 123AC5AC2209FD9C003D51F7 /* Assets.xcassets */; };
		123AC5B02209FD9C003D51F7 /* LaunchScreen.storyboard in Resources */ = {isa = PBXBuildFile; fileRef = 123AC5AE2209FD9C003D51F7 /* LaunchScreen.storyboard */; };
		123AC5BB2209FD9D003D51F7 /* KFUPMSS_iOSTests.swift in Sources */ = {isa = PBXBuildFile; fileRef = 123AC5BA2209FD9D003D51F7 /* KFUPMSS_iOSTests.swift */; };
		123AC5C62209FD9D003D51F7 /* KFUPMSS_iOSUITests.swift in Sources */ = {isa = PBXBuildFile; fileRef = 123AC5C52209FD9D003D51F7 /* KFUPMSS_iOSUITests.swift */; };
		123AC5D4220A0115003D51F7 /* GoogleService-Info.plist in Resources */ = {isa = PBXBuildFile; fileRef = 123AC5D3220A0115003D51F7 /* GoogleService-Info.plist */; };
		127E9005220BCFE600004D2B /* ViewController_ChatRooms.swift in Sources */ = {isa = PBXBuildFile; fileRef = 127E9004220BCFE600004D2B /* ViewController_ChatRooms.swift */; };
		127E9007220BCFF500004D2B /* kfupm-seal.png in Resources */ = {isa = PBXBuildFile; fileRef = 127E9006220BCFF500004D2B /* kfupm-seal.png */; };
		127E9009220BD0DA00004D2B /* ViewController_Sign_in.swift in Sources */ = {isa = PBXBuildFile; fileRef = 127E9008220BD0D900004D2B /* ViewController_Sign_in.swift */; };
		127E900B220BD0E700004D2B /* ViewController_Sign_up.swift in Sources */ = {isa = PBXBuildFile; fileRef = 127E900A220BD0E700004D2B /* ViewController_Sign_up.swift */; };
		50381A6FEC9AE116D0275988 /* Pods_KFUPMSS_iOS.framework in Frameworks */ = {isa = PBXBuildFile; fileRef = 4A98219559DE8F064AC6042A /* Pods_KFUPMSS_iOS.framework */; };
		527FD1FAD03FA206CC01960C /* Pods_KFUPMSS_iOSUITests.framework in Frameworks */ = {isa = PBXBuildFile; fileRef = DA84E51C64D2E54DE2D1F9E6 /* Pods_KFUPMSS_iOSUITests.framework */; };
		CE559E072063FC4065A4353E /* Pods_KFUPMSS_iOSTests.framework in Frameworks */ = {isa = PBXBuildFile; fileRef = A99B96F5D9056D125421F232 /* Pods_KFUPMSS_iOSTests.framework */; };
/* End PBXBuildFile section */

/* Begin PBXContainerItemProxy section */
		123AC5B72209FD9D003D51F7 /* PBXContainerItemProxy */ = {
			isa = PBXContainerItemProxy;
			containerPortal = 123AC5962209FD9B003D51F7 /* Project object */;
			proxyType = 1;
			remoteGlobalIDString = 123AC59D2209FD9B003D51F7;
			remoteInfo = KFUPMSS_iOS;
		};
		123AC5C22209FD9D003D51F7 /* PBXContainerItemProxy */ = {
			isa = PBXContainerItemProxy;
			containerPortal = 123AC5962209FD9B003D51F7 /* Project object */;
			proxyType = 1;
			remoteGlobalIDString = 123AC59D2209FD9B003D51F7;
			remoteInfo = KFUPMSS_iOS;
		};
/* End PBXContainerItemProxy section */

/* Begin PBXFileReference section */
		0C5109D3220B05F100AB3781 /* icons8-shopping-cart-30.png */ = {isa = PBXFileReference; lastKnownFileType = image.png; path = "icons8-shopping-cart-30.png"; sourceTree = "<group>"; };
		0C5109D4220B05F200AB3781 /* icons8-chat-filled-30.png */ = {isa = PBXFileReference; lastKnownFileType = image.png; path = "icons8-chat-filled-30.png"; sourceTree = "<group>"; };
		0C5109D5220B05F200AB3781 /* icons8-blog-filled-30.png */ = {isa = PBXFileReference; lastKnownFileType = image.png; path = "icons8-blog-filled-30.png"; sourceTree = "<group>"; };
		0C5109D6220B05F200AB3781 /* icons8-hostel-filled-30.png */ = {isa = PBXFileReference; lastKnownFileType = image.png; path = "icons8-hostel-filled-30.png"; sourceTree = "<group>"; };
		0C5109E3220BAA0A00AB3781 /* ViewController_Chat.swift */ = {isa = PBXFileReference; lastKnownFileType = sourcecode.swift; path = ViewController_Chat.swift; sourceTree = "<group>"; };
		123AC59E2209FD9B003D51F7 /* KFUPMSS_iOS.app */ = {isa = PBXFileReference; explicitFileType = wrapper.application; includeInIndex = 0; path = KFUPMSS_iOS.app; sourceTree = BUILT_PRODUCTS_DIR; };
		123AC5A12209FD9B003D51F7 /* AppDelegate.swift */ = {isa = PBXFileReference; lastKnownFileType = sourcecode.swift; path = AppDelegate.swift; sourceTree = "<group>"; };
		123AC5A32209FD9B003D51F7 /* RootViewController.swift */ = {isa = PBXFileReference; lastKnownFileType = sourcecode.swift; path = RootViewController.swift; sourceTree = "<group>"; };
		123AC5A52209FD9B003D51F7 /* DataViewController.swift */ = {isa = PBXFileReference; lastKnownFileType = sourcecode.swift; path = DataViewController.swift; sourceTree = "<group>"; };
		123AC5A72209FD9B003D51F7 /* ModelController.swift */ = {isa = PBXFileReference; lastKnownFileType = sourcecode.swift; path = ModelController.swift; sourceTree = "<group>"; };
		123AC5AA2209FD9B003D51F7 /* Base */ = {isa = PBXFileReference; lastKnownFileType = file.storyboard; name = Base; path = Base.lproj/Main.storyboard; sourceTree = "<group>"; };
		123AC5AC2209FD9C003D51F7 /* Assets.xcassets */ = {isa = PBXFileReference; lastKnownFileType = folder.assetcatalog; path = Assets.xcassets; sourceTree = "<group>"; };
		123AC5AF2209FD9C003D51F7 /* Base */ = {isa = PBXFileReference; lastKnownFileType = file.storyboard; name = Base; path = Base.lproj/LaunchScreen.storyboard; sourceTree = "<group>"; };
		123AC5B12209FD9D003D51F7 /* Info.plist */ = {isa = PBXFileReference; lastKnownFileType = text.plist.xml; path = Info.plist; sourceTree = "<group>"; };
		123AC5B62209FD9D003D51F7 /* KFUPMSS_iOSTests.xctest */ = {isa = PBXFileReference; explicitFileType = wrapper.cfbundle; includeInIndex = 0; path = KFUPMSS_iOSTests.xctest; sourceTree = BUILT_PRODUCTS_DIR; };
		123AC5BA2209FD9D003D51F7 /* KFUPMSS_iOSTests.swift */ = {isa = PBXFileReference; lastKnownFileType = sourcecode.swift; path = KFUPMSS_iOSTests.swift; sourceTree = "<group>"; };
		123AC5BC2209FD9D003D51F7 /* Info.plist */ = {isa = PBXFileReference; lastKnownFileType = text.plist.xml; path = Info.plist; sourceTree = "<group>"; };
		123AC5C12209FD9D003D51F7 /* KFUPMSS_iOSUITests.xctest */ = {isa = PBXFileReference; explicitFileType = wrapper.cfbundle; includeInIndex = 0; path = KFUPMSS_iOSUITests.xctest; sourceTree = BUILT_PRODUCTS_DIR; };
		123AC5C52209FD9D003D51F7 /* KFUPMSS_iOSUITests.swift */ = {isa = PBXFileReference; lastKnownFileType = sourcecode.swift; path = KFUPMSS_iOSUITests.swift; sourceTree = "<group>"; };
		123AC5C72209FD9D003D51F7 /* Info.plist */ = {isa = PBXFileReference; lastKnownFileType = text.plist.xml; path = Info.plist; sourceTree = "<group>"; };
		123AC5D3220A0115003D51F7 /* GoogleService-Info.plist */ = {isa = PBXFileReference; fileEncoding = 4; lastKnownFileType = text.plist.xml; path = "GoogleService-Info.plist"; sourceTree = SOURCE_ROOT; };
		127E9004220BCFE600004D2B /* ViewController_ChatRooms.swift */ = {isa = PBXFileReference; fileEncoding = 4; lastKnownFileType = sourcecode.swift; path = ViewController_ChatRooms.swift; sourceTree = "<group>"; };
		127E9006220BCFF500004D2B /* kfupm-seal.png */ = {isa = PBXFileReference; lastKnownFileType = image.png; path = "kfupm-seal.png"; sourceTree = "<group>"; };
		127E9008220BD0D900004D2B /* ViewController_Sign_in.swift */ = {isa = PBXFileReference; fileEncoding = 4; lastKnownFileType = sourcecode.swift; path = ViewController_Sign_in.swift; sourceTree = "<group>"; };
		127E900A220BD0E700004D2B /* ViewController_Sign_up.swift */ = {isa = PBXFileReference; fileEncoding = 4; lastKnownFileType = sourcecode.swift; path = ViewController_Sign_up.swift; sourceTree = "<group>"; };
		1F2F3876C426F5C2DABB22DC /* Pods-KFUPMSS_iOS.debug.xcconfig */ = {isa = PBXFileReference; includeInIndex = 1; lastKnownFileType = text.xcconfig; name = "Pods-KFUPMSS_iOS.debug.xcconfig"; path = "Pods/Target Support Files/Pods-KFUPMSS_iOS/Pods-KFUPMSS_iOS.debug.xcconfig"; sourceTree = "<group>"; };
		3A45FD323EA2E5A53B862385 /* Pods-KFUPMSS_iOSTests.release.xcconfig */ = {isa = PBXFileReference; includeInIndex = 1; lastKnownFileType = text.xcconfig; name = "Pods-KFUPMSS_iOSTests.release.xcconfig"; path = "Pods/Target Support Files/Pods-KFUPMSS_iOSTests/Pods-KFUPMSS_iOSTests.release.xcconfig"; sourceTree = "<group>"; };
		4A98219559DE8F064AC6042A /* Pods_KFUPMSS_iOS.framework */ = {isa = PBXFileReference; explicitFileType = wrapper.framework; includeInIndex = 0; path = Pods_KFUPMSS_iOS.framework; sourceTree = BUILT_PRODUCTS_DIR; };
		54C65496AC7F8A9F80DF7414 /* Pods-KFUPMSS_iOS.release.xcconfig */ = {isa = PBXFileReference; includeInIndex = 1; lastKnownFileType = text.xcconfig; name = "Pods-KFUPMSS_iOS.release.xcconfig"; path = "Pods/Target Support Files/Pods-KFUPMSS_iOS/Pods-KFUPMSS_iOS.release.xcconfig"; sourceTree = "<group>"; };
		817148167BAB1004AF94DD31 /* Pods-KFUPMSS_iOSUITests.release.xcconfig */ = {isa = PBXFileReference; includeInIndex = 1; lastKnownFileType = text.xcconfig; name = "Pods-KFUPMSS_iOSUITests.release.xcconfig"; path = "Pods/Target Support Files/Pods-KFUPMSS_iOSUITests/Pods-KFUPMSS_iOSUITests.release.xcconfig"; sourceTree = "<group>"; };
		A99B96F5D9056D125421F232 /* Pods_KFUPMSS_iOSTests.framework */ = {isa = PBXFileReference; explicitFileType = wrapper.framework; includeInIndex = 0; path = Pods_KFUPMSS_iOSTests.framework; sourceTree = BUILT_PRODUCTS_DIR; };
		DA84E51C64D2E54DE2D1F9E6 /* Pods_KFUPMSS_iOSUITests.framework */ = {isa = PBXFileReference; explicitFileType = wrapper.framework; includeInIndex = 0; path = Pods_KFUPMSS_iOSUITests.framework; sourceTree = BUILT_PRODUCTS_DIR; };
		DAF07B71D4CF3BF68E683D17 /* Pods-KFUPMSS_iOSTests.debug.xcconfig */ = {isa = PBXFileReference; includeInIndex = 1; lastKnownFileType = text.xcconfig; name = "Pods-KFUPMSS_iOSTests.debug.xcconfig"; path = "Pods/Target Support Files/Pods-KFUPMSS_iOSTests/Pods-KFUPMSS_iOSTests.debug.xcconfig"; sourceTree = "<group>"; };
		E32E70B381032F36C602DB4A /* Pods-KFUPMSS_iOSUITests.debug.xcconfig */ = {isa = PBXFileReference; includeInIndex = 1; lastKnownFileType = text.xcconfig; name = "Pods-KFUPMSS_iOSUITests.debug.xcconfig"; path = "Pods/Target Support Files/Pods-KFUPMSS_iOSUITests/Pods-KFUPMSS_iOSUITests.debug.xcconfig"; sourceTree = "<group>"; };
/* End PBXFileReference section */

/* Begin PBXFrameworksBuildPhase section */
		123AC59B2209FD9B003D51F7 /* Frameworks */ = {
			isa = PBXFrameworksBuildPhase;
			buildActionMask = 2147483647;
			files = (
				50381A6FEC9AE116D0275988 /* Pods_KFUPMSS_iOS.framework in Frameworks */,
			);
			runOnlyForDeploymentPostprocessing = 0;
		};
		123AC5B32209FD9D003D51F7 /* Frameworks */ = {
			isa = PBXFrameworksBuildPhase;
			buildActionMask = 2147483647;
			files = (
				CE559E072063FC4065A4353E /* Pods_KFUPMSS_iOSTests.framework in Frameworks */,
			);
			runOnlyForDeploymentPostprocessing = 0;
		};
		123AC5BE2209FD9D003D51F7 /* Frameworks */ = {
			isa = PBXFrameworksBuildPhase;
			buildActionMask = 2147483647;
			files = (
				527FD1FAD03FA206CC01960C /* Pods_KFUPMSS_iOSUITests.framework in Frameworks */,
			);
			runOnlyForDeploymentPostprocessing = 0;
		};
/* End PBXFrameworksBuildPhase section */

/* Begin PBXGroup section */
		123AC5952209FD9B003D51F7 = {
			isa = PBXGroup;
			children = (
				123AC5A02209FD9B003D51F7 /* KFUPMSS_iOS */,
				123AC5B92209FD9D003D51F7 /* KFUPMSS_iOSTests */,
				123AC5C42209FD9D003D51F7 /* KFUPMSS_iOSUITests */,
				123AC59F2209FD9B003D51F7 /* Products */,
				A647DF0C1C563F01814A1177 /* Pods */,
				440162E89E9D159567D46806 /* Frameworks */,
			);
			sourceTree = "<group>";
		};
		123AC59F2209FD9B003D51F7 /* Products */ = {
			isa = PBXGroup;
			children = (
				123AC59E2209FD9B003D51F7 /* KFUPMSS_iOS.app */,
				123AC5B62209FD9D003D51F7 /* KFUPMSS_iOSTests.xctest */,
				123AC5C12209FD9D003D51F7 /* KFUPMSS_iOSUITests.xctest */,
			);
			name = Products;
			sourceTree = "<group>";
		};
		123AC5A02209FD9B003D51F7 /* KFUPMSS_iOS */ = {
			isa = PBXGroup;
			children = (
				127E900A220BD0E700004D2B /* ViewController_Sign_up.swift */,
				127E9008220BD0D900004D2B /* ViewController_Sign_in.swift */,
				123AC5D3220A0115003D51F7 /* GoogleService-Info.plist */,
				123AC5A12209FD9B003D51F7 /* AppDelegate.swift */,
				123AC5A32209FD9B003D51F7 /* RootViewController.swift */,
				123AC5A52209FD9B003D51F7 /* DataViewController.swift */,
				127E9004220BCFE600004D2B /* ViewController_ChatRooms.swift */,
				0C5109E3220BAA0A00AB3781 /* ViewController_Chat.swift */,
				123AC5A72209FD9B003D51F7 /* ModelController.swift */,
				123AC5A92209FD9B003D51F7 /* Main.storyboard */,
				123AC5AC2209FD9C003D51F7 /* Assets.xcassets */,
				123AC5AE2209FD9C003D51F7 /* LaunchScreen.storyboard */,
				0C5109D5220B05F200AB3781 /* icons8-blog-filled-30.png */,
				0C5109D4220B05F200AB3781 /* icons8-chat-filled-30.png */,
				0C5109D6220B05F200AB3781 /* icons8-hostel-filled-30.png */,
				0C5109D3220B05F100AB3781 /* icons8-shopping-cart-30.png */,
				127E9006220BCFF500004D2B /* kfupm-seal.png */,
				123AC5B12209FD9D003D51F7 /* Info.plist */,
			);
			path = KFUPMSS_iOS;
			sourceTree = "<group>";
		};
		123AC5B92209FD9D003D51F7 /* KFUPMSS_iOSTests */ = {
			isa = PBXGroup;
			children = (
				123AC5BA2209FD9D003D51F7 /* KFUPMSS_iOSTests.swift */,
				123AC5BC2209FD9D003D51F7 /* Info.plist */,
			);
			path = KFUPMSS_iOSTests;
			sourceTree = "<group>";
		};
		123AC5C42209FD9D003D51F7 /* KFUPMSS_iOSUITests */ = {
			isa = PBXGroup;
			children = (
				123AC5C52209FD9D003D51F7 /* KFUPMSS_iOSUITests.swift */,
				123AC5C72209FD9D003D51F7 /* Info.plist */,
			);
			path = KFUPMSS_iOSUITests;
			sourceTree = "<group>";
		};
		440162E89E9D159567D46806 /* Frameworks */ = {
			isa = PBXGroup;
			children = (
				4A98219559DE8F064AC6042A /* Pods_KFUPMSS_iOS.framework */,
				A99B96F5D9056D125421F232 /* Pods_KFUPMSS_iOSTests.framework */,
				DA84E51C64D2E54DE2D1F9E6 /* Pods_KFUPMSS_iOSUITests.framework */,
			);
			name = Frameworks;
			sourceTree = "<group>";
		};
		A647DF0C1C563F01814A1177 /* Pods */ = {
			isa = PBXGroup;
			children = (
				1F2F3876C426F5C2DABB22DC /* Pods-KFUPMSS_iOS.debug.xcconfig */,
				54C65496AC7F8A9F80DF7414 /* Pods-KFUPMSS_iOS.release.xcconfig */,
				DAF07B71D4CF3BF68E683D17 /* Pods-KFUPMSS_iOSTests.debug.xcconfig */,
				3A45FD323EA2E5A53B862385 /* Pods-KFUPMSS_iOSTests.release.xcconfig */,
				E32E70B381032F36C602DB4A /* Pods-KFUPMSS_iOSUITests.debug.xcconfig */,
				817148167BAB1004AF94DD31 /* Pods-KFUPMSS_iOSUITests.release.xcconfig */,
			);
			name = Pods;
			sourceTree = "<group>";
		};
/* End PBXGroup section */

/* Begin PBXNativeTarget section */
		123AC59D2209FD9B003D51F7 /* KFUPMSS_iOS */ = {
			isa = PBXNativeTarget;
			buildConfigurationList = 123AC5CA2209FD9D003D51F7 /* Build configuration list for PBXNativeTarget "KFUPMSS_iOS" */;
			buildPhases = (
				C8601C24A33714DD8682F574 /* [CP] Check Pods Manifest.lock */,
				123AC59A2209FD9B003D51F7 /* Sources */,
				123AC59B2209FD9B003D51F7 /* Frameworks */,
				123AC59C2209FD9B003D51F7 /* Resources */,
				415874CDAEAA05C345E7EBDD /* [CP] Embed Pods Frameworks */,
			);
			buildRules = (
			);
			dependencies = (
			);
			name = KFUPMSS_iOS;
			productName = KFUPMSS_iOS;
			productReference = 123AC59E2209FD9B003D51F7 /* KFUPMSS_iOS.app */;
			productType = "com.apple.product-type.application";
		};
		123AC5B52209FD9D003D51F7 /* KFUPMSS_iOSTests */ = {
			isa = PBXNativeTarget;
			buildConfigurationList = 123AC5CD2209FD9D003D51F7 /* Build configuration list for PBXNativeTarget "KFUPMSS_iOSTests" */;
			buildPhases = (
				CB01B05117BE270DC0FE6FC6 /* [CP] Check Pods Manifest.lock */,
				123AC5B22209FD9D003D51F7 /* Sources */,
				123AC5B32209FD9D003D51F7 /* Frameworks */,
				123AC5B42209FD9D003D51F7 /* Resources */,
			);
			buildRules = (
			);
			dependencies = (
				123AC5B82209FD9D003D51F7 /* PBXTargetDependency */,
			);
			name = KFUPMSS_iOSTests;
			productName = KFUPMSS_iOSTests;
			productReference = 123AC5B62209FD9D003D51F7 /* KFUPMSS_iOSTests.xctest */;
			productType = "com.apple.product-type.bundle.unit-test";
		};
		123AC5C02209FD9D003D51F7 /* KFUPMSS_iOSUITests */ = {
			isa = PBXNativeTarget;
			buildConfigurationList = 123AC5D02209FD9D003D51F7 /* Build configuration list for PBXNativeTarget "KFUPMSS_iOSUITests" */;
			buildPhases = (
				ACDE6137F3C4572E02FC4F0B /* [CP] Check Pods Manifest.lock */,
				123AC5BD2209FD9D003D51F7 /* Sources */,
				123AC5BE2209FD9D003D51F7 /* Frameworks */,
				123AC5BF2209FD9D003D51F7 /* Resources */,
			);
			buildRules = (
			);
			dependencies = (
				123AC5C32209FD9D003D51F7 /* PBXTargetDependency */,
			);
			name = KFUPMSS_iOSUITests;
			productName = KFUPMSS_iOSUITests;
			productReference = 123AC5C12209FD9D003D51F7 /* KFUPMSS_iOSUITests.xctest */;
			productType = "com.apple.product-type.bundle.ui-testing";
		};
/* End PBXNativeTarget section */

/* Begin PBXProject section */
		123AC5962209FD9B003D51F7 /* Project object */ = {
			isa = PBXProject;
			attributes = {
				LastSwiftUpdateCheck = 1010;
				LastUpgradeCheck = 1010;
				ORGANIZATIONNAME = "Jabbar AlQassab";
				TargetAttributes = {
					123AC59D2209FD9B003D51F7 = {
						CreatedOnToolsVersion = 10.1;
					};
					123AC5B52209FD9D003D51F7 = {
						CreatedOnToolsVersion = 10.1;
						TestTargetID = 123AC59D2209FD9B003D51F7;
					};
					123AC5C02209FD9D003D51F7 = {
						CreatedOnToolsVersion = 10.1;
						TestTargetID = 123AC59D2209FD9B003D51F7;
					};
				};
			};
			buildConfigurationList = 123AC5992209FD9B003D51F7 /* Build configuration list for PBXProject "KFUPMSS_iOS" */;
			compatibilityVersion = "Xcode 9.3";
			developmentRegion = en;
			hasScannedForEncodings = 0;
			knownRegions = (
				en,
				Base,
			);
			mainGroup = 123AC5952209FD9B003D51F7;
			productRefGroup = 123AC59F2209FD9B003D51F7 /* Products */;
			projectDirPath = "";
			projectRoot = "";
			targets = (
				123AC59D2209FD9B003D51F7 /* KFUPMSS_iOS */,
				123AC5B52209FD9D003D51F7 /* KFUPMSS_iOSTests */,
				123AC5C02209FD9D003D51F7 /* KFUPMSS_iOSUITests */,
			);
		};
/* End PBXProject section */

/* Begin PBXResourcesBuildPhase section */
		123AC59C2209FD9B003D51F7 /* Resources */ = {
			isa = PBXResourcesBuildPhase;
			buildActionMask = 2147483647;
			files = (
				127E9007220BCFF500004D2B /* kfupm-seal.png in Resources */,
				123AC5B02209FD9C003D51F7 /* LaunchScreen.storyboard in Resources */,
				123AC5D4220A0115003D51F7 /* GoogleService-Info.plist in Resources */,
				123AC5AD2209FD9C003D51F7 /* Assets.xcassets in Resources */,
				0C5109DB220B05F300AB3781 /* icons8-hostel-filled-30.png in Resources */,
				123AC5AB2209FD9B003D51F7 /* Main.storyboard in Resources */,
				0C5109D9220B05F300AB3781 /* icons8-chat-filled-30.png in Resources */,
				0C5109DA220B05F300AB3781 /* icons8-blog-filled-30.png in Resources */,
				0C5109D8220B05F300AB3781 /* icons8-shopping-cart-30.png in Resources */,
			);
			runOnlyForDeploymentPostprocessing = 0;
		};
		123AC5B42209FD9D003D51F7 /* Resources */ = {
			isa = PBXResourcesBuildPhase;
			buildActionMask = 2147483647;
			files = (
			);
			runOnlyForDeploymentPostprocessing = 0;
		};
		123AC5BF2209FD9D003D51F7 /* Resources */ = {
			isa = PBXResourcesBuildPhase;
			buildActionMask = 2147483647;
			files = (
			);
			runOnlyForDeploymentPostprocessing = 0;
		};
/* End PBXResourcesBuildPhase section */

/* Begin PBXShellScriptBuildPhase section */
		415874CDAEAA05C345E7EBDD /* [CP] Embed Pods Frameworks */ = {
			isa = PBXShellScriptBuildPhase;
			buildActionMask = 2147483647;
			files = (
			);
			inputFileListPaths = (
			);
			inputPaths = (
				"${SRCROOT}/Pods/Target Support Files/Pods-KFUPMSS_iOS/Pods-KFUPMSS_iOS-frameworks.sh",
				"${BUILT_PRODUCTS_DIR}/GoogleUtilities/GoogleUtilities.framework",
				"${BUILT_PRODUCTS_DIR}/leveldb-library/leveldb.framework",
				"${BUILT_PRODUCTS_DIR}/nanopb/nanopb.framework",
			);
			name = "[CP] Embed Pods Frameworks";
			outputFileListPaths = (
			);
			outputPaths = (
				"${TARGET_BUILD_DIR}/${FRAMEWORKS_FOLDER_PATH}/GoogleUtilities.framework",
				"${TARGET_BUILD_DIR}/${FRAMEWORKS_FOLDER_PATH}/leveldb.framework",
				"${TARGET_BUILD_DIR}/${FRAMEWORKS_FOLDER_PATH}/nanopb.framework",
			);
			runOnlyForDeploymentPostprocessing = 0;
			shellPath = /bin/sh;
			shellScript = "\"${SRCROOT}/Pods/Target Support Files/Pods-KFUPMSS_iOS/Pods-KFUPMSS_iOS-frameworks.sh\"\n";
			showEnvVarsInLog = 0;
		};
		ACDE6137F3C4572E02FC4F0B /* [CP] Check Pods Manifest.lock */ = {
			isa = PBXShellScriptBuildPhase;
			buildActionMask = 2147483647;
			files = (
			);
			inputFileListPaths = (
			);
			inputPaths = (
				"${PODS_PODFILE_DIR_PATH}/Podfile.lock",
				"${PODS_ROOT}/Manifest.lock",
			);
			name = "[CP] Check Pods Manifest.lock";
			outputFileListPaths = (
			);
			outputPaths = (
				"$(DERIVED_FILE_DIR)/Pods-KFUPMSS_iOSUITests-checkManifestLockResult.txt",
			);
			runOnlyForDeploymentPostprocessing = 0;
			shellPath = /bin/sh;
			shellScript = "diff \"${PODS_PODFILE_DIR_PATH}/Podfile.lock\" \"${PODS_ROOT}/Manifest.lock\" > /dev/null\nif [ $? != 0 ] ; then\n    # print error to STDERR\n    echo \"error: The sandbox is not in sync with the Podfile.lock. Run 'pod install' or update your CocoaPods installation.\" >&2\n    exit 1\nfi\n# This output is used by Xcode 'outputs' to avoid re-running this script phase.\necho \"SUCCESS\" > \"${SCRIPT_OUTPUT_FILE_0}\"\n";
			showEnvVarsInLog = 0;
		};
		C8601C24A33714DD8682F574 /* [CP] Check Pods Manifest.lock */ = {
			isa = PBXShellScriptBuildPhase;
			buildActionMask = 2147483647;
			files = (
			);
			inputFileListPaths = (
			);
			inputPaths = (
				"${PODS_PODFILE_DIR_PATH}/Podfile.lock",
				"${PODS_ROOT}/Manifest.lock",
			);
			name = "[CP] Check Pods Manifest.lock";
			outputFileListPaths = (
			);
			outputPaths = (
				"$(DERIVED_FILE_DIR)/Pods-KFUPMSS_iOS-checkManifestLockResult.txt",
			);
			runOnlyForDeploymentPostprocessing = 0;
			shellPath = /bin/sh;
			shellScript = "diff \"${PODS_PODFILE_DIR_PATH}/Podfile.lock\" \"${PODS_ROOT}/Manifest.lock\" > /dev/null\nif [ $? != 0 ] ; then\n    # print error to STDERR\n    echo \"error: The sandbox is not in sync with the Podfile.lock. Run 'pod install' or update your CocoaPods installation.\" >&2\n    exit 1\nfi\n# This output is used by Xcode 'outputs' to avoid re-running this script phase.\necho \"SUCCESS\" > \"${SCRIPT_OUTPUT_FILE_0}\"\n";
			showEnvVarsInLog = 0;
		};
		CB01B05117BE270DC0FE6FC6 /* [CP] Check Pods Manifest.lock */ = {
			isa = PBXShellScriptBuildPhase;
			buildActionMask = 2147483647;
			files = (
			);
			inputFileListPaths = (
			);
			inputPaths = (
				"${PODS_PODFILE_DIR_PATH}/Podfile.lock",
				"${PODS_ROOT}/Manifest.lock",
			);
			name = "[CP] Check Pods Manifest.lock";
			outputFileListPaths = (
			);
			outputPaths = (
				"$(DERIVED_FILE_DIR)/Pods-KFUPMSS_iOSTests-checkManifestLockResult.txt",
			);
			runOnlyForDeploymentPostprocessing = 0;
			shellPath = /bin/sh;
			shellScript = "diff \"${PODS_PODFILE_DIR_PATH}/Podfile.lock\" \"${PODS_ROOT}/Manifest.lock\" > /dev/null\nif [ $? != 0 ] ; then\n    # print error to STDERR\n    echo \"error: The sandbox is not in sync with the Podfile.lock. Run 'pod install' or update your CocoaPods installation.\" >&2\n    exit 1\nfi\n# This output is used by Xcode 'outputs' to avoid re-running this script phase.\necho \"SUCCESS\" > \"${SCRIPT_OUTPUT_FILE_0}\"\n";
			showEnvVarsInLog = 0;
		};
/* End PBXShellScriptBuildPhase section */

/* Begin PBXSourcesBuildPhase section */
		123AC59A2209FD9B003D51F7 /* Sources */ = {
			isa = PBXSourcesBuildPhase;
			buildActionMask = 2147483647;
			files = (
				127E9009220BD0DA00004D2B /* ViewController_Sign_in.swift in Sources */,
				0C5109E4220BAA0A00AB3781 /* ViewController_Chat.swift in Sources */,
				127E900B220BD0E700004D2B /* ViewController_Sign_up.swift in Sources */,
				123AC5A42209FD9B003D51F7 /* RootViewController.swift in Sources */,
				123AC5A82209FD9B003D51F7 /* ModelController.swift in Sources */,
				123AC5A62209FD9B003D51F7 /* DataViewController.swift in Sources */,
				123AC5A22209FD9B003D51F7 /* AppDelegate.swift in Sources */,
				127E9005220BCFE600004D2B /* ViewController_ChatRooms.swift in Sources */,
			);
			runOnlyForDeploymentPostprocessing = 0;
		};
		123AC5B22209FD9D003D51F7 /* Sources */ = {
			isa = PBXSourcesBuildPhase;
			buildActionMask = 2147483647;
			files = (
				123AC5BB2209FD9D003D51F7 /* KFUPMSS_iOSTests.swift in Sources */,
			);
			runOnlyForDeploymentPostprocessing = 0;
		};
		123AC5BD2209FD9D003D51F7 /* Sources */ = {
			isa = PBXSourcesBuildPhase;
			buildActionMask = 2147483647;
			files = (
				123AC5C62209FD9D003D51F7 /* KFUPMSS_iOSUITests.swift in Sources */,
			);
			runOnlyForDeploymentPostprocessing = 0;
		};
/* End PBXSourcesBuildPhase section */

/* Begin PBXTargetDependency section */
		123AC5B82209FD9D003D51F7 /* PBXTargetDependency */ = {
			isa = PBXTargetDependency;
			target = 123AC59D2209FD9B003D51F7 /* KFUPMSS_iOS */;
			targetProxy = 123AC5B72209FD9D003D51F7 /* PBXContainerItemProxy */;
		};
		123AC5C32209FD9D003D51F7 /* PBXTargetDependency */ = {
			isa = PBXTargetDependency;
			target = 123AC59D2209FD9B003D51F7 /* KFUPMSS_iOS */;
			targetProxy = 123AC5C22209FD9D003D51F7 /* PBXContainerItemProxy */;
		};
/* End PBXTargetDependency section */

/* Begin PBXVariantGroup section */
		123AC5A92209FD9B003D51F7 /* Main.storyboard */ = {
			isa = PBXVariantGroup;
			children = (
				123AC5AA2209FD9B003D51F7 /* Base */,
			);
			name = Main.storyboard;
			sourceTree = "<group>";
		};
		123AC5AE2209FD9C003D51F7 /* LaunchScreen.storyboard */ = {
			isa = PBXVariantGroup;
			children = (
				123AC5AF2209FD9C003D51F7 /* Base */,
			);
			name = LaunchScreen.storyboard;
			sourceTree = "<group>";
		};
/* End PBXVariantGroup section */

/* Begin XCBuildConfiguration section */
		123AC5C82209FD9D003D51F7 /* Debug */ = {
			isa = XCBuildConfiguration;
			buildSettings = {
				ALWAYS_SEARCH_USER_PATHS = NO;
				CLANG_ANALYZER_NONNULL = YES;
				CLANG_ANALYZER_NUMBER_OBJECT_CONVERSION = YES_AGGRESSIVE;
				CLANG_CXX_LANGUAGE_STANDARD = "gnu++14";
				CLANG_CXX_LIBRARY = "libc++";
				CLANG_ENABLE_MODULES = YES;
				CLANG_ENABLE_OBJC_ARC = YES;
				CLANG_ENABLE_OBJC_WEAK = YES;
				CLANG_WARN_BLOCK_CAPTURE_AUTORELEASING = YES;
				CLANG_WARN_BOOL_CONVERSION = YES;
				CLANG_WARN_COMMA = YES;
				CLANG_WARN_CONSTANT_CONVERSION = YES;
				CLANG_WARN_DEPRECATED_OBJC_IMPLEMENTATIONS = YES;
				CLANG_WARN_DIRECT_OBJC_ISA_USAGE = YES_ERROR;
				CLANG_WARN_DOCUMENTATION_COMMENTS = YES;
				CLANG_WARN_EMPTY_BODY = YES;
				CLANG_WARN_ENUM_CONVERSION = YES;
				CLANG_WARN_INFINITE_RECURSION = YES;
				CLANG_WARN_INT_CONVERSION = YES;
				CLANG_WARN_NON_LITERAL_NULL_CONVERSION = YES;
				CLANG_WARN_OBJC_IMPLICIT_RETAIN_SELF = YES;
				CLANG_WARN_OBJC_LITERAL_CONVERSION = YES;
				CLANG_WARN_OBJC_ROOT_CLASS = YES_ERROR;
				CLANG_WARN_RANGE_LOOP_ANALYSIS = YES;
				CLANG_WARN_STRICT_PROTOTYPES = YES;
				CLANG_WARN_SUSPICIOUS_MOVE = YES;
				CLANG_WARN_UNGUARDED_AVAILABILITY = YES_AGGRESSIVE;
				CLANG_WARN_UNREACHABLE_CODE = YES;
				CLANG_WARN__DUPLICATE_METHOD_MATCH = YES;
				CODE_SIGN_IDENTITY = "iPhone Developer";
				COPY_PHASE_STRIP = NO;
				DEBUG_INFORMATION_FORMAT = dwarf;
				ENABLE_STRICT_OBJC_MSGSEND = YES;
				ENABLE_TESTABILITY = YES;
				GCC_C_LANGUAGE_STANDARD = gnu11;
				GCC_DYNAMIC_NO_PIC = NO;
				GCC_NO_COMMON_BLOCKS = YES;
				GCC_OPTIMIZATION_LEVEL = 0;
				GCC_PREPROCESSOR_DEFINITIONS = (
					"DEBUG=1",
					"$(inherited)",
				);
				GCC_WARN_64_TO_32_BIT_CONVERSION = YES;
				GCC_WARN_ABOUT_RETURN_TYPE = YES_ERROR;
				GCC_WARN_UNDECLARED_SELECTOR = YES;
				GCC_WARN_UNINITIALIZED_AUTOS = YES_AGGRESSIVE;
				GCC_WARN_UNUSED_FUNCTION = YES;
				GCC_WARN_UNUSED_VARIABLE = YES;
				IPHONEOS_DEPLOYMENT_TARGET = 12.1;
				MTL_ENABLE_DEBUG_INFO = INCLUDE_SOURCE;
				MTL_FAST_MATH = YES;
				ONLY_ACTIVE_ARCH = YES;
				SDKROOT = iphoneos;
				SWIFT_ACTIVE_COMPILATION_CONDITIONS = DEBUG;
				SWIFT_OPTIMIZATION_LEVEL = "-Onone";
			};
			name = Debug;
		};
		123AC5C92209FD9D003D51F7 /* Release */ = {
			isa = XCBuildConfiguration;
			buildSettings = {
				ALWAYS_SEARCH_USER_PATHS = NO;
				CLANG_ANALYZER_NONNULL = YES;
				CLANG_ANALYZER_NUMBER_OBJECT_CONVERSION = YES_AGGRESSIVE;
				CLANG_CXX_LANGUAGE_STANDARD = "gnu++14";
				CLANG_CXX_LIBRARY = "libc++";
				CLANG_ENABLE_MODULES = YES;
				CLANG_ENABLE_OBJC_ARC = YES;
				CLANG_ENABLE_OBJC_WEAK = YES;
				CLANG_WARN_BLOCK_CAPTURE_AUTORELEASING = YES;
				CLANG_WARN_BOOL_CONVERSION = YES;
				CLANG_WARN_COMMA = YES;
				CLANG_WARN_CONSTANT_CONVERSION = YES;
				CLANG_WARN_DEPRECATED_OBJC_IMPLEMENTATIONS = YES;
				CLANG_WARN_DIRECT_OBJC_ISA_USAGE = YES_ERROR;
				CLANG_WARN_DOCUMENTATION_COMMENTS = YES;
				CLANG_WARN_EMPTY_BODY = YES;
				CLANG_WARN_ENUM_CONVERSION = YES;
				CLANG_WARN_INFINITE_RECURSION = YES;
				CLANG_WARN_INT_CONVERSION = YES;
				CLANG_WARN_NON_LITERAL_NULL_CONVERSION = YES;
				CLANG_WARN_OBJC_IMPLICIT_RETAIN_SELF = YES;
				CLANG_WARN_OBJC_LITERAL_CONVERSION = YES;
				CLANG_WARN_OBJC_ROOT_CLASS = YES_ERROR;
				CLANG_WARN_RANGE_LOOP_ANALYSIS = YES;
				CLANG_WARN_STRICT_PROTOTYPES = YES;
				CLANG_WARN_SUSPICIOUS_MOVE = YES;
				CLANG_WARN_UNGUARDED_AVAILABILITY = YES_AGGRESSIVE;
				CLANG_WARN_UNREACHABLE_CODE = YES;
				CLANG_WARN__DUPLICATE_METHOD_MATCH = YES;
				CODE_SIGN_IDENTITY = "iPhone Developer";
				COPY_PHASE_STRIP = NO;
				DEBUG_INFORMATION_FORMAT = "dwarf-with-dsym";
				ENABLE_NS_ASSERTIONS = NO;
				ENABLE_STRICT_OBJC_MSGSEND = YES;
				GCC_C_LANGUAGE_STANDARD = gnu11;
				GCC_NO_COMMON_BLOCKS = YES;
				GCC_WARN_64_TO_32_BIT_CONVERSION = YES;
				GCC_WARN_ABOUT_RETURN_TYPE = YES_ERROR;
				GCC_WARN_UNDECLARED_SELECTOR = YES;
				GCC_WARN_UNINITIALIZED_AUTOS = YES_AGGRESSIVE;
				GCC_WARN_UNUSED_FUNCTION = YES;
				GCC_WARN_UNUSED_VARIABLE = YES;
				IPHONEOS_DEPLOYMENT_TARGET = 12.1;
				MTL_ENABLE_DEBUG_INFO = NO;
				MTL_FAST_MATH = YES;
				SDKROOT = iphoneos;
				SWIFT_COMPILATION_MODE = wholemodule;
				SWIFT_OPTIMIZATION_LEVEL = "-O";
				VALIDATE_PRODUCT = YES;
			};
			name = Release;
		};
		123AC5CB2209FD9D003D51F7 /* Debug */ = {
			isa = XCBuildConfiguration;
			baseConfigurationReference = 1F2F3876C426F5C2DABB22DC /* Pods-KFUPMSS_iOS.debug.xcconfig */;
			buildSettings = {
				ASSETCATALOG_COMPILER_APPICON_NAME = AppIcon;
				CODE_SIGN_STYLE = Automatic;
				INFOPLIST_FILE = KFUPMSS_iOS/Info.plist;
				LD_RUNPATH_SEARCH_PATHS = (
					"$(inherited)",
					"@executable_path/Frameworks",
				);
				PRODUCT_BUNDLE_IDENTIFIER = "KFUPM.KFUPMSS-iOS";
				PRODUCT_NAME = "$(TARGET_NAME)";
				SWIFT_VERSION = 4.2;
				TARGETED_DEVICE_FAMILY = "1,2";
			};
			name = Debug;
		};
		123AC5CC2209FD9D003D51F7 /* Release */ = {
			isa = XCBuildConfiguration;
			baseConfigurationReference = 54C65496AC7F8A9F80DF7414 /* Pods-KFUPMSS_iOS.release.xcconfig */;
			buildSettings = {
				ASSETCATALOG_COMPILER_APPICON_NAME = AppIcon;
				CODE_SIGN_STYLE = Automatic;
				INFOPLIST_FILE = KFUPMSS_iOS/Info.plist;
				LD_RUNPATH_SEARCH_PATHS = (
					"$(inherited)",
					"@executable_path/Frameworks",
				);
				PRODUCT_BUNDLE_IDENTIFIER = "KFUPM.KFUPMSS-iOS";
				PRODUCT_NAME = "$(TARGET_NAME)";
				SWIFT_VERSION = 4.2;
				TARGETED_DEVICE_FAMILY = "1,2";
			};
			name = Release;
		};
		123AC5CE2209FD9D003D51F7 /* Debug */ = {
			isa = XCBuildConfiguration;
			baseConfigurationReference = DAF07B71D4CF3BF68E683D17 /* Pods-KFUPMSS_iOSTests.debug.xcconfig */;
			buildSettings = {
				ALWAYS_EMBED_SWIFT_STANDARD_LIBRARIES = YES;
				BUNDLE_LOADER = "$(TEST_HOST)";
				CODE_SIGN_STYLE = Automatic;
				INFOPLIST_FILE = KFUPMSS_iOSTests/Info.plist;
				LD_RUNPATH_SEARCH_PATHS = (
					"$(inherited)",
					"@executable_path/Frameworks",
					"@loader_path/Frameworks",
				);
				PRODUCT_BUNDLE_IDENTIFIER = "KFUPM.KFUPMSS-iOSTests";
				PRODUCT_NAME = "$(TARGET_NAME)";
				SWIFT_VERSION = 4.2;
				TARGETED_DEVICE_FAMILY = "1,2";
				TEST_HOST = "$(BUILT_PRODUCTS_DIR)/KFUPMSS_iOS.app/KFUPMSS_iOS";
			};
			name = Debug;
		};
		123AC5CF2209FD9D003D51F7 /* Release */ = {
			isa = XCBuildConfiguration;
			baseConfigurationReference = 3A45FD323EA2E5A53B862385 /* Pods-KFUPMSS_iOSTests.release.xcconfig */;
			buildSettings = {
				ALWAYS_EMBED_SWIFT_STANDARD_LIBRARIES = YES;
				BUNDLE_LOADER = "$(TEST_HOST)";
				CODE_SIGN_STYLE = Automatic;
				INFOPLIST_FILE = KFUPMSS_iOSTests/Info.plist;
				LD_RUNPATH_SEARCH_PATHS = (
					"$(inherited)",
					"@executable_path/Frameworks",
					"@loader_path/Frameworks",
				);
				PRODUCT_BUNDLE_IDENTIFIER = "KFUPM.KFUPMSS-iOSTests";
				PRODUCT_NAME = "$(TARGET_NAME)";
				SWIFT_VERSION = 4.2;
				TARGETED_DEVICE_FAMILY = "1,2";
				TEST_HOST = "$(BUILT_PRODUCTS_DIR)/KFUPMSS_iOS.app/KFUPMSS_iOS";
			};
			name = Release;
		};
		123AC5D12209FD9D003D51F7 /* Debug */ = {
			isa = XCBuildConfiguration;
			baseConfigurationReference = E32E70B381032F36C602DB4A /* Pods-KFUPMSS_iOSUITests.debug.xcconfig */;
			buildSettings = {
				ALWAYS_EMBED_SWIFT_STANDARD_LIBRARIES = YES;
				CODE_SIGN_STYLE = Automatic;
				INFOPLIST_FILE = KFUPMSS_iOSUITests/Info.plist;
				LD_RUNPATH_SEARCH_PATHS = (
					"$(inherited)",
					"@executable_path/Frameworks",
					"@loader_path/Frameworks",
				);
				PRODUCT_BUNDLE_IDENTIFIER = "KFUPM.KFUPMSS-iOSUITests";
				PRODUCT_NAME = "$(TARGET_NAME)";
				SWIFT_VERSION = 4.2;
				TARGETED_DEVICE_FAMILY = "1,2";
				TEST_TARGET_NAME = KFUPMSS_iOS;
			};
			name = Debug;
		};
		123AC5D22209FD9D003D51F7 /* Release */ = {
			isa = XCBuildConfiguration;
			baseConfigurationReference = 817148167BAB1004AF94DD31 /* Pods-KFUPMSS_iOSUITests.release.xcconfig */;
			buildSettings = {
				ALWAYS_EMBED_SWIFT_STANDARD_LIBRARIES = YES;
				CODE_SIGN_STYLE = Automatic;
				INFOPLIST_FILE = KFUPMSS_iOSUITests/Info.plist;
				LD_RUNPATH_SEARCH_PATHS = (
					"$(inherited)",
					"@executable_path/Frameworks",
					"@loader_path/Frameworks",
				);
				PRODUCT_BUNDLE_IDENTIFIER = "KFUPM.KFUPMSS-iOSUITests";
				PRODUCT_NAME = "$(TARGET_NAME)";
				SWIFT_VERSION = 4.2;
				TARGETED_DEVICE_FAMILY = "1,2";
				TEST_TARGET_NAME = KFUPMSS_iOS;
			};
			name = Release;
		};
/* End XCBuildConfiguration section */

/* Begin XCConfigurationList section */
		123AC5992209FD9B003D51F7 /* Build configuration list for PBXProject "KFUPMSS_iOS" */ = {
			isa = XCConfigurationList;
			buildConfigurations = (
				123AC5C82209FD9D003D51F7 /* Debug */,
				123AC5C92209FD9D003D51F7 /* Release */,
			);
			defaultConfigurationIsVisible = 0;
			defaultConfigurationName = Release;
		};
		123AC5CA2209FD9D003D51F7 /* Build configuration list for PBXNativeTarget "KFUPMSS_iOS" */ = {
			isa = XCConfigurationList;
			buildConfigurations = (
				123AC5CB2209FD9D003D51F7 /* Debug */,
				123AC5CC2209FD9D003D51F7 /* Release */,
			);
			defaultConfigurationIsVisible = 0;
			defaultConfigurationName = Release;
		};
		123AC5CD2209FD9D003D51F7 /* Build configuration list for PBXNativeTarget "KFUPMSS_iOSTests" */ = {
			isa = XCConfigurationList;
			buildConfigurations = (
				123AC5CE2209FD9D003D51F7 /* Debug */,
				123AC5CF2209FD9D003D51F7 /* Release */,
			);
			defaultConfigurationIsVisible = 0;
			defaultConfigurationName = Release;
		};
		123AC5D02209FD9D003D51F7 /* Build configuration list for PBXNativeTarget "KFUPMSS_iOSUITests" */ = {
			isa = XCConfigurationList;
			buildConfigurations = (
				123AC5D12209FD9D003D51F7 /* Debug */,
				123AC5D22209FD9D003D51F7 /* Release */,
			);
			defaultConfigurationIsVisible = 0;
			defaultConfigurationName = Release;
		};
/* End XCConfigurationList section */
	};
	rootObject = 123AC5962209FD9B003D51F7 /* Project object */;
}
